// !$*UTF8*$!
{
	archiveVersion = 1;
	classes = {
	};
	objectVersion = 50;
	objects = {

/* Begin PBXBuildFile section */
		03CD53A923BDEFC342168F2F /* Pods_Uber.framework in Frameworks */ = {isa = PBXBuildFile; fileRef = 041261BEB7257842BD424ADE /* Pods_Uber.framework */; };
		A019D1DF22792392000C91CC /* AppDelegate.swift in Sources */ = {isa = PBXBuildFile; fileRef = A019D1DE22792392000C91CC /* AppDelegate.swift */; };
		A019D1E122792392000C91CC /* ViewController.swift in Sources */ = {isa = PBXBuildFile; fileRef = A019D1E022792392000C91CC /* ViewController.swift */; };
		A019D1E422792393000C91CC /* Main.storyboard in Resources */ = {isa = PBXBuildFile; fileRef = A019D1E222792392000C91CC /* Main.storyboard */; };
		A019D1E622792395000C91CC /* Assets.xcassets in Resources */ = {isa = PBXBuildFile; fileRef = A019D1E522792395000C91CC /* Assets.xcassets */; };
		A019D1E922792395000C91CC /* LaunchScreen.storyboard in Resources */ = {isa = PBXBuildFile; fileRef = A019D1E722792395000C91CC /* LaunchScreen.storyboard */; };
		A019D1F1227924CF000C91CC /* GoogleService-Info.plist in Resources */ = {isa = PBXBuildFile; fileRef = A019D1F0227924CF000C91CC /* GoogleService-Info.plist */; };
		A04543F522793F640091A055 /* CadastroViewController.swift in Sources */ = {isa = PBXBuildFile; fileRef = A04543F422793F640091A055 /* CadastroViewController.swift */; };
		A04543F722793F790091A055 /* EntrarViewController.swift in Sources */ = {isa = PBXBuildFile; fileRef = A04543F622793F790091A055 /* EntrarViewController.swift */; };
		A04543F92279546C0091A055 /* PassageiroViewController.swift in Sources */ = {isa = PBXBuildFile; fileRef = A04543F82279546C0091A055 /* PassageiroViewController.swift */; };
		A0DA8CBD2281EA65001B4AB7 /* MotoristaTableViewController.swift in Sources */ = {isa = PBXBuildFile; fileRef = A0DA8CBC2281EA65001B4AB7 /* MotoristaTableViewController.swift */; };
		A0F29E40228288A500DFE709 /* ConfirmarRequisicaoViewController.swift in Sources */ = {isa = PBXBuildFile; fileRef = A0F29E3F228288A500DFE709 /* ConfirmarRequisicaoViewController.swift */; };
/* End PBXBuildFile section */

/* Begin PBXFileReference section */
		041261BEB7257842BD424ADE /* Pods_Uber.framework */ = {isa = PBXFileReference; explicitFileType = wrapper.framework; includeInIndex = 0; path = Pods_Uber.framework; sourceTree = BUILT_PRODUCTS_DIR; };
		23820146830C508157F55405 /* Pods-Uber.debug.xcconfig */ = {isa = PBXFileReference; includeInIndex = 1; lastKnownFileType = text.xcconfig; name = "Pods-Uber.debug.xcconfig"; path = "Target Support Files/Pods-Uber/Pods-Uber.debug.xcconfig"; sourceTree = "<group>"; };
		A019D1DB22792392000C91CC /* Uber.app */ = {isa = PBXFileReference; explicitFileType = wrapper.application; includeInIndex = 0; path = Uber.app; sourceTree = BUILT_PRODUCTS_DIR; };
		A019D1DE22792392000C91CC /* AppDelegate.swift */ = {isa = PBXFileReference; lastKnownFileType = sourcecode.swift; path = AppDelegate.swift; sourceTree = "<group>"; };
		A019D1E022792392000C91CC /* ViewController.swift */ = {isa = PBXFileReference; lastKnownFileType = sourcecode.swift; path = ViewController.swift; sourceTree = "<group>"; };
		A019D1E322792392000C91CC /* Base */ = {isa = PBXFileReference; lastKnownFileType = file.storyboard; name = Base; path = Base.lproj/Main.storyboard; sourceTree = "<group>"; };
		A019D1E522792395000C91CC /* Assets.xcassets */ = {isa = PBXFileReference; lastKnownFileType = folder.assetcatalog; path = Assets.xcassets; sourceTree = "<group>"; };
		A019D1E822792395000C91CC /* Base */ = {isa = PBXFileReference; lastKnownFileType = file.storyboard; name = Base; path = Base.lproj/LaunchScreen.storyboard; sourceTree = "<group>"; };
		A019D1EA22792395000C91CC /* Info.plist */ = {isa = PBXFileReference; lastKnownFileType = text.plist.xml; path = Info.plist; sourceTree = "<group>"; };
		A019D1F0227924CF000C91CC /* GoogleService-Info.plist */ = {isa = PBXFileReference; fileEncoding = 4; lastKnownFileType = text.plist.xml; path = "GoogleService-Info.plist"; sourceTree = "<group>"; };
		A04543F422793F640091A055 /* CadastroViewController.swift */ = {isa = PBXFileReference; lastKnownFileType = sourcecode.swift; path = CadastroViewController.swift; sourceTree = "<group>"; };
		A04543F622793F790091A055 /* EntrarViewController.swift */ = {isa = PBXFileReference; lastKnownFileType = sourcecode.swift; path = EntrarViewController.swift; sourceTree = "<group>"; };
		A04543F82279546C0091A055 /* PassageiroViewController.swift */ = {isa = PBXFileReference; lastKnownFileType = sourcecode.swift; path = PassageiroViewController.swift; sourceTree = "<group>"; };
		A0DA8CBC2281EA65001B4AB7 /* MotoristaTableViewController.swift */ = {isa = PBXFileReference; lastKnownFileType = sourcecode.swift; path = MotoristaTableViewController.swift; sourceTree = "<group>"; };
		A0F29E3F228288A500DFE709 /* ConfirmarRequisicaoViewController.swift */ = {isa = PBXFileReference; lastKnownFileType = sourcecode.swift; path = ConfirmarRequisicaoViewController.swift; sourceTree = "<group>"; };
		C469C256AEA26C72E37B2F84 /* Pods-Uber.release.xcconfig */ = {isa = PBXFileReference; includeInIndex = 1; lastKnownFileType = text.xcconfig; name = "Pods-Uber.release.xcconfig"; path = "Target Support Files/Pods-Uber/Pods-Uber.release.xcconfig"; sourceTree = "<group>"; };
/* End PBXFileReference section */

/* Begin PBXFrameworksBuildPhase section */
		A019D1D822792392000C91CC /* Frameworks */ = {
			isa = PBXFrameworksBuildPhase;
			buildActionMask = 2147483647;
			files = (
				03CD53A923BDEFC342168F2F /* Pods_Uber.framework in Frameworks */,
			);
			runOnlyForDeploymentPostprocessing = 0;
		};
/* End PBXFrameworksBuildPhase section */

/* Begin PBXGroup section */
		A019D1D222792392000C91CC = {
			isa = PBXGroup;
			children = (
				A019D1DD22792392000C91CC /* Uber */,
				A019D1DC22792392000C91CC /* Products */,
				A90DA94059D115C133CDE99F /* Pods */,
				EF68A55D50872F32681A4849 /* Frameworks */,
			);
			sourceTree = "<group>";
		};
		A019D1DC22792392000C91CC /* Products */ = {
			isa = PBXGroup;
			children = (
				A019D1DB22792392000C91CC /* Uber.app */,
			);
			name = Products;
			sourceTree = "<group>";
		};
		A019D1DD22792392000C91CC /* Uber */ = {
			isa = PBXGroup;
			children = (
				A04543F322792E2F0091A055 /* Controller */,
				A04543F222792E190091A055 /* Model */,
				A019D1DE22792392000C91CC /* AppDelegate.swift */,
				A019D1E222792392000C91CC /* Main.storyboard */,
				A019D1E522792395000C91CC /* Assets.xcassets */,
				A019D1E722792395000C91CC /* LaunchScreen.storyboard */,
				A019D1EA22792395000C91CC /* Info.plist */,
				A019D1F0227924CF000C91CC /* GoogleService-Info.plist */,
			);
			path = Uber;
			sourceTree = "<group>";
		};
		A04543F222792E190091A055 /* Model */ = {
			isa = PBXGroup;
			children = (
			);
			path = Model;
			sourceTree = "<group>";
		};
		A04543F322792E2F0091A055 /* Controller */ = {
			isa = PBXGroup;
			children = (
				A019D1E022792392000C91CC /* ViewController.swift */,
				A04543F422793F640091A055 /* CadastroViewController.swift */,
				A04543F622793F790091A055 /* EntrarViewController.swift */,
				A04543F82279546C0091A055 /* PassageiroViewController.swift */,
				A0DA8CBC2281EA65001B4AB7 /* MotoristaTableViewController.swift */,
				A0F29E3F228288A500DFE709 /* ConfirmarRequisicaoViewController.swift */,
			);
			path = Controller;
			sourceTree = "<group>";
		};
		A90DA94059D115C133CDE99F /* Pods */ = {
			isa = PBXGroup;
			children = (
				23820146830C508157F55405 /* Pods-Uber.debug.xcconfig */,
				C469C256AEA26C72E37B2F84 /* Pods-Uber.release.xcconfig */,
			);
			path = Pods;
			sourceTree = "<group>";
		};
		EF68A55D50872F32681A4849 /* Frameworks */ = {
			isa = PBXGroup;
			children = (
				041261BEB7257842BD424ADE /* Pods_Uber.framework */,
			);
			name = Frameworks;
			sourceTree = "<group>";
		};
/* End PBXGroup section */

/* Begin PBXNativeTarget section */
		A019D1DA22792392000C91CC /* Uber */ = {
			isa = PBXNativeTarget;
			buildConfigurationList = A019D1ED22792395000C91CC /* Build configuration list for PBXNativeTarget "Uber" */;
			buildPhases = (
				858CC76820EF25454B9D38B7 /* [CP] Check Pods Manifest.lock */,
				A019D1D722792392000C91CC /* Sources */,
				A019D1D822792392000C91CC /* Frameworks */,
				A019D1D922792392000C91CC /* Resources */,
				DF12FA034A15945D3816D3A8 /* [CP] Embed Pods Frameworks */,
			);
			buildRules = (
			);
			dependencies = (
			);
			name = Uber;
			productName = Uber;
			productReference = A019D1DB22792392000C91CC /* Uber.app */;
			productType = "com.apple.product-type.application";
		};
/* End PBXNativeTarget section */

/* Begin PBXProject section */
		A019D1D322792392000C91CC /* Project object */ = {
			isa = PBXProject;
			attributes = {
				LastSwiftUpdateCheck = 1020;
				LastUpgradeCheck = 1020;
				ORGANIZATIONNAME = "Curso IOS";
				TargetAttributes = {
					A019D1DA22792392000C91CC = {
						CreatedOnToolsVersion = 10.2;
					};
				};
			};
			buildConfigurationList = A019D1D622792392000C91CC /* Build configuration list for PBXProject "Uber" */;
			compatibilityVersion = "Xcode 9.3";
			developmentRegion = en;
			hasScannedForEncodings = 0;
			knownRegions = (
				en,
				Base,
			);
			mainGroup = A019D1D222792392000C91CC;
			productRefGroup = A019D1DC22792392000C91CC /* Products */;
			projectDirPath = "";
			projectRoot = "";
			targets = (
				A019D1DA22792392000C91CC /* Uber */,
			);
		};
/* End PBXProject section */

/* Begin PBXResourcesBuildPhase section */
		A019D1D922792392000C91CC /* Resources */ = {
			isa = PBXResourcesBuildPhase;
			buildActionMask = 2147483647;
			files = (
				A019D1E922792395000C91CC /* LaunchScreen.storyboard in Resources */,
				A019D1F1227924CF000C91CC /* GoogleService-Info.plist in Resources */,
				A019D1E622792395000C91CC /* Assets.xcassets in Resources */,
				A019D1E422792393000C91CC /* Main.storyboard in Resources */,
			);
			runOnlyForDeploymentPostprocessing = 0;
		};
/* End PBXResourcesBuildPhase section */

/* Begin PBXShellScriptBuildPhase section */
		858CC76820EF25454B9D38B7 /* [CP] Check Pods Manifest.lock */ = {
			isa = PBXShellScriptBuildPhase;
			buildActionMask = 2147483647;
			files = (
			);
			inputFileListPaths = (
			);
			inputPaths = (
				"${PODS_PODFILE_DIR_PATH}/Podfile.lock",
				"${PODS_ROOT}/Manifest.lock",
			);
			name = "[CP] Check Pods Manifest.lock";
			outputFileListPaths = (
			);
			outputPaths = (
				"$(DERIVED_FILE_DIR)/Pods-Uber-checkManifestLockResult.txt",
			);
			runOnlyForDeploymentPostprocessing = 0;
			shellPath = /bin/sh;
			shellScript = "diff \"${PODS_PODFILE_DIR_PATH}/Podfile.lock\" \"${PODS_ROOT}/Manifest.lock\" > /dev/null\nif [ $? != 0 ] ; then\n    # print error to STDERR\n    echo \"error: The sandbox is not in sync with the Podfile.lock. Run 'pod install' or update your CocoaPods installation.\" >&2\n    exit 1\nfi\n# This output is used by Xcode 'outputs' to avoid re-running this script phase.\necho \"SUCCESS\" > \"${SCRIPT_OUTPUT_FILE_0}\"\n";
			showEnvVarsInLog = 0;
		};
		DF12FA034A15945D3816D3A8 /* [CP] Embed Pods Frameworks */ = {
			isa = PBXShellScriptBuildPhase;
			buildActionMask = 2147483647;
			files = (
			);
			inputFileListPaths = (
			);
			inputPaths = (
				"${PODS_ROOT}/Target Support Files/Pods-Uber/Pods-Uber-frameworks.sh",
				"${BUILT_PRODUCTS_DIR}/GTMSessionFetcher/GTMSessionFetcher.framework",
				"${BUILT_PRODUCTS_DIR}/GoogleUtilities/GoogleUtilities.framework",
				"${BUILT_PRODUCTS_DIR}/leveldb-library/leveldb.framework",
				"${BUILT_PRODUCTS_DIR}/nanopb/nanopb.framework",
			);
			name = "[CP] Embed Pods Frameworks";
			outputFileListPaths = (
			);
			outputPaths = (
				"${TARGET_BUILD_DIR}/${FRAMEWORKS_FOLDER_PATH}/GTMSessionFetcher.framework",
				"${TARGET_BUILD_DIR}/${FRAMEWORKS_FOLDER_PATH}/GoogleUtilities.framework",
				"${TARGET_BUILD_DIR}/${FRAMEWORKS_FOLDER_PATH}/leveldb.framework",
				"${TARGET_BUILD_DIR}/${FRAMEWORKS_FOLDER_PATH}/nanopb.framework",
			);
			runOnlyForDeploymentPostprocessing = 0;
			shellPath = /bin/sh;
			shellScript = "\"${PODS_ROOT}/Target Support Files/Pods-Uber/Pods-Uber-frameworks.sh\"\n";
			showEnvVarsInLog = 0;
		};
/* End PBXShellScriptBuildPhase section */

/* Begin PBXSourcesBuildPhase section */
		A019D1D722792392000C91CC /* Sources */ = {
			isa = PBXSourcesBuildPhase;
			buildActionMask = 2147483647;
			files = (
				A04543F92279546C0091A055 /* PassageiroViewController.swift in Sources */,
				A04543F722793F790091A055 /* EntrarViewController.swift in Sources */,
				A0DA8CBD2281EA65001B4AB7 /* MotoristaTableViewController.swift in Sources */,
				A019D1E122792392000C91CC /* ViewController.swift in Sources */,
				A04543F522793F640091A055 /* CadastroViewController.swift in Sources */,
				A0F29E40228288A500DFE709 /* ConfirmarRequisicaoViewController.swift in Sources */,
				A019D1DF22792392000C91CC /* AppDelegate.swift in Sources */,
			);
			runOnlyForDeploymentPostprocessing = 0;
		};
/* End PBXSourcesBuildPhase section */

/* Begin PBXVariantGroup section */
		A019D1E222792392000C91CC /* Main.storyboard */ = {
			isa = PBXVariantGroup;
			children = (
				A019D1E322792392000C91CC /* Base */,
			);
			name = Main.storyboard;
			sourceTree = "<group>";
		};
		A019D1E722792395000C91CC /* LaunchScreen.storyboard */ = {
			isa = PBXVariantGroup;
			children = (
				A019D1E822792395000C91CC /* Base */,
			);
			name = LaunchScreen.storyboard;
			sourceTree = "<group>";
		};
/* End PBXVariantGroup section */

/* Begin XCBuildConfiguration section */
		A019D1EB22792395000C91CC /* Debug */ = {
			isa = XCBuildConfiguration;
			buildSettings = {
				ALWAYS_SEARCH_USER_PATHS = NO;
				CLANG_ANALYZER_NONNULL = YES;
				CLANG_ANALYZER_NUMBER_OBJECT_CONVERSION = YES_AGGRESSIVE;
				CLANG_CXX_LANGUAGE_STANDARD = "gnu++14";
				CLANG_CXX_LIBRARY = "libc++";
				CLANG_ENABLE_MODULES = YES;
				CLANG_ENABLE_OBJC_ARC = YES;
				CLANG_ENABLE_OBJC_WEAK = YES;
				CLANG_WARN_BLOCK_CAPTURE_AUTORELEASING = YES;
				CLANG_WARN_BOOL_CONVERSION = YES;
				CLANG_WARN_COMMA = YES;
				CLANG_WARN_CONSTANT_CONVERSION = YES;
				CLANG_WARN_DEPRECATED_OBJC_IMPLEMENTATIONS = YES;
				CLANG_WARN_DIRECT_OBJC_ISA_USAGE = YES_ERROR;
				CLANG_WARN_DOCUMENTATION_COMMENTS = YES;
				CLANG_WARN_EMPTY_BODY = YES;
				CLANG_WARN_ENUM_CONVERSION = YES;
				CLANG_WARN_INFINITE_RECURSION = YES;
				CLANG_WARN_INT_CONVERSION = YES;
				CLANG_WARN_NON_LITERAL_NULL_CONVERSION = YES;
				CLANG_WARN_OBJC_IMPLICIT_RETAIN_SELF = YES;
				CLANG_WARN_OBJC_LITERAL_CONVERSION = YES;
				CLANG_WARN_OBJC_ROOT_CLASS = YES_ERROR;
				CLANG_WARN_RANGE_LOOP_ANALYSIS = YES;
				CLANG_WARN_STRICT_PROTOTYPES = YES;
				CLANG_WARN_SUSPICIOUS_MOVE = YES;
				CLANG_WARN_UNGUARDED_AVAILABILITY = YES_AGGRESSIVE;
				CLANG_WARN_UNREACHABLE_CODE = YES;
				CLANG_WARN__DUPLICATE_METHOD_MATCH = YES;
				CODE_SIGN_IDENTITY = "iPhone Developer";
				COPY_PHASE_STRIP = NO;
				DEBUG_INFORMATION_FORMAT = dwarf;
				ENABLE_STRICT_OBJC_MSGSEND = YES;
				ENABLE_TESTABILITY = YES;
				GCC_C_LANGUAGE_STANDARD = gnu11;
				GCC_DYNAMIC_NO_PIC = NO;
				GCC_NO_COMMON_BLOCKS = YES;
				GCC_OPTIMIZATION_LEVEL = 0;
				GCC_PREPROCESSOR_DEFINITIONS = (
					"DEBUG=1",
					"$(inherited)",
				);
				GCC_WARN_64_TO_32_BIT_CONVERSION = YES;
				GCC_WARN_ABOUT_RETURN_TYPE = YES_ERROR;
				GCC_WARN_UNDECLARED_SELECTOR = YES;
				GCC_WARN_UNINITIALIZED_AUTOS = YES_AGGRESSIVE;
				GCC_WARN_UNUSED_FUNCTION = YES;
				GCC_WARN_UNUSED_VARIABLE = YES;
				IPHONEOS_DEPLOYMENT_TARGET = 12.2;
				MTL_ENABLE_DEBUG_INFO = INCLUDE_SOURCE;
				MTL_FAST_MATH = YES;
				ONLY_ACTIVE_ARCH = YES;
				SDKROOT = iphoneos;
				SWIFT_ACTIVE_COMPILATION_CONDITIONS = DEBUG;
				SWIFT_OPTIMIZATION_LEVEL = "-Onone";
			};
			name = Debug;
		};
		A019D1EC22792395000C91CC /* Release */ = {
			isa = XCBuildConfiguration;
			buildSettings = {
				ALWAYS_SEARCH_USER_PATHS = NO;
				CLANG_ANALYZER_NONNULL = YES;
				CLANG_ANALYZER_NUMBER_OBJECT_CONVERSION = YES_AGGRESSIVE;
				CLANG_CXX_LANGUAGE_STANDARD = "gnu++14";
				CLANG_CXX_LIBRARY = "libc++";
				CLANG_ENABLE_MODULES = YES;
				CLANG_ENABLE_OBJC_ARC = YES;
				CLANG_ENABLE_OBJC_WEAK = YES;
				CLANG_WARN_BLOCK_CAPTURE_AUTORELEASING = YES;
				CLANG_WARN_BOOL_CONVERSION = YES;
				CLANG_WARN_COMMA = YES;
				CLANG_WARN_CONSTANT_CONVERSION = YES;
				CLANG_WARN_DEPRECATED_OBJC_IMPLEMENTATIONS = YES;
				CLANG_WARN_DIRECT_OBJC_ISA_USAGE = YES_ERROR;
				CLANG_WARN_DOCUMENTATION_COMMENTS = YES;
				CLANG_WARN_EMPTY_BODY = YES;
				CLANG_WARN_ENUM_CONVERSION = YES;
				CLANG_WARN_INFINITE_RECURSION = YES;
				CLANG_WARN_INT_CONVERSION = YES;
				CLANG_WARN_NON_LITERAL_NULL_CONVERSION = YES;
				CLANG_WARN_OBJC_IMPLICIT_RETAIN_SELF = YES;
				CLANG_WARN_OBJC_LITERAL_CONVERSION = YES;
				CLANG_WARN_OBJC_ROOT_CLASS = YES_ERROR;
				CLANG_WARN_RANGE_LOOP_ANALYSIS = YES;
				CLANG_WARN_STRICT_PROTOTYPES = YES;
				CLANG_WARN_SUSPICIOUS_MOVE = YES;
				CLANG_WARN_UNGUARDED_AVAILABILITY = YES_AGGRESSIVE;
				CLANG_WARN_UNREACHABLE_CODE = YES;
				CLANG_WARN__DUPLICATE_METHOD_MATCH = YES;
				CODE_SIGN_IDENTITY = "iPhone Developer";
				COPY_PHASE_STRIP = NO;
				DEBUG_INFORMATION_FORMAT = "dwarf-with-dsym";
				ENABLE_NS_ASSERTIONS = NO;
				ENABLE_STRICT_OBJC_MSGSEND = YES;
				GCC_C_LANGUAGE_STANDARD = gnu11;
				GCC_NO_COMMON_BLOCKS = YES;
				GCC_WARN_64_TO_32_BIT_CONVERSION = YES;
				GCC_WARN_ABOUT_RETURN_TYPE = YES_ERROR;
				GCC_WARN_UNDECLARED_SELECTOR = YES;
				GCC_WARN_UNINITIALIZED_AUTOS = YES_AGGRESSIVE;
				GCC_WARN_UNUSED_FUNCTION = YES;
				GCC_WARN_UNUSED_VARIABLE = YES;
				IPHONEOS_DEPLOYMENT_TARGET = 12.2;
				MTL_ENABLE_DEBUG_INFO = NO;
				MTL_FAST_MATH = YES;
				SDKROOT = iphoneos;
				SWIFT_COMPILATION_MODE = wholemodule;
				SWIFT_OPTIMIZATION_LEVEL = "-O";
				VALIDATE_PRODUCT = YES;
			};
			name = Release;
		};
		A019D1EE22792395000C91CC /* Debug */ = {
			isa = XCBuildConfiguration;
			baseConfigurationReference = 23820146830C508157F55405 /* Pods-Uber.debug.xcconfig */;
			buildSettings = {
				ASSETCATALOG_COMPILER_APPICON_NAME = AppIcon;
				CODE_SIGN_STYLE = Automatic;
				INFOPLIST_FILE = Uber/Info.plist;
				LD_RUNPATH_SEARCH_PATHS = (
					"$(inherited)",
					"@executable_path/Frameworks",
				);
				PRODUCT_BUNDLE_IDENTIFIER = com.cursoios.Uber.iOS;
				PRODUCT_NAME = "$(TARGET_NAME)";
				SWIFT_VERSION = 5.0;
				TARGETED_DEVICE_FAMILY = "1,2";
			};
			name = Debug;
		};
		A019D1EF22792395000C91CC /* Release */ = {
			isa = XCBuildConfiguration;
			baseConfigurationReference = C469C256AEA26C72E37B2F84 /* Pods-Uber.release.xcconfig */;
			buildSettings = {
				ASSETCATALOG_COMPILER_APPICON_NAME = AppIcon;
				CODE_SIGN_STYLE = Automatic;
				INFOPLIST_FILE = Uber/Info.plist;
				LD_RUNPATH_SEARCH_PATHS = (
					"$(inherited)",
					"@executable_path/Frameworks",
				);
				PRODUCT_BUNDLE_IDENTIFIER = com.cursoios.Uber.iOS;
				PRODUCT_NAME = "$(TARGET_NAME)";
				SWIFT_VERSION = 5.0;
				TARGETED_DEVICE_FAMILY = "1,2";
			};
			name = Release;
		};
/* End XCBuildConfiguration section */

/* Begin XCConfigurationList section */
		A019D1D622792392000C91CC /* Build configuration list for PBXProject "Uber" */ = {
			isa = XCConfigurationList;
			buildConfigurations = (
				A019D1EB22792395000C91CC /* Debug */,
				A019D1EC22792395000C91CC /* Release */,
			);
			defaultConfigurationIsVisible = 0;
			defaultConfigurationName = Release;
		};
		A019D1ED22792395000C91CC /* Build configuration list for PBXNativeTarget "Uber" */ = {
			isa = XCConfigurationList;
			buildConfigurations = (
				A019D1EE22792395000C91CC /* Debug */,
				A019D1EF22792395000C91CC /* Release */,
			);
			defaultConfigurationIsVisible = 0;
			defaultConfigurationName = Release;
		};
/* End XCConfigurationList section */
	};
	rootObject = A019D1D322792392000C91CC /* Project object */;
}
